<?xml version="1.0" encoding="utf-8"?>
<Project ToolsVersion="4.0" xmlns="http://schemas.microsoft.com/developer/msbuild/2003">
  <ItemGroup>
    <Filter Include="KirbyGame">
      <UniqueIdentifier>{4f938bc9-e8f3-4903-8836-5599af55e5a5}</UniqueIdentifier>
    </Filter>
    <Filter Include="KirbyGame\GameScene">
      <UniqueIdentifier>{296f2c06-e3c4-4429-986a-0552c25e985e}</UniqueIdentifier>
    </Filter>
    <Filter Include="KirbyGame\Component">
      <UniqueIdentifier>{c201306a-8815-4b4a-afcf-f6a49cee7aeb}</UniqueIdentifier>
    </Filter>
    <Filter Include="KirbyGame\StartScene">
      <UniqueIdentifier>{04802186-6d6a-4b82-ab17-1324a6f615d4}</UniqueIdentifier>
    </Filter>
    <Filter Include="KirbyGame\EditerScene">
      <UniqueIdentifier>{030a3166-85f3-4c16-b6e0-35c9eac6d50a}</UniqueIdentifier>
    </Filter>
    <Filter Include="KirbyGame\global">
      <UniqueIdentifier>{647b7f02-f89a-4dc1-94a0-cbebe11ffcbe}</UniqueIdentifier>
    </Filter>
  </ItemGroup>
  <ItemGroup>
    <ClCompile Include="AttackEvent.cpp">
      <Filter>KirbyGame\Component</Filter>
    </ClCompile>
    <ClCompile Include="AttakObject.cpp">
      <Filter>KirbyGame\Component</Filter>
    </ClCompile>
    <ClCompile Include="ChangeObject.cpp">
      <Filter>KirbyGame\Component</Filter>
    </ClCompile>
    <ClCompile Include="Edit.cpp">
      <Filter>KirbyGame\Component</Filter>
    </ClCompile>
    <ClCompile Include="EditerScene.cpp">
      <Filter>KirbyGame\EditerScene</Filter>
    </ClCompile>
    <ClCompile Include="game.cpp">
      <Filter>KirbyGame\global</Filter>
    </ClCompile>
    <ClCompile Include="GameScene.cpp">
      <Filter>KirbyGame\GameScene</Filter>
    </ClCompile>
    <ClCompile Include="Player.cpp">
      <Filter>KirbyGame\Component</Filter>
    </ClCompile>
    <ClCompile Include="SceneChanger.cpp">
      <Filter>KirbyGame\Component</Filter>
    </ClCompile>
    <ClCompile Include="StageMaker.cpp">
      <Filter>KirbyGame\Component</Filter>
    </ClCompile>
    <ClCompile Include="StartScene.cpp">
      <Filter>KirbyGame\StartScene</Filter>
    </ClCompile>
    <ClCompile Include="main.cpp" />
    <ClCompile Include="MonsterAI.cpp">
      <Filter>KirbyGame\Component</Filter>
    </ClCompile>
    <ClCompile Include="LandChecker.cpp">
      <Filter>KirbyGame\Component</Filter>
    </ClCompile>
    <ClCompile Include="Door.cpp">
      <Filter>KirbyGame\Component</Filter>
    </ClCompile>
  </ItemGroup>
  <ItemGroup>
    <ClInclude Include="AttackEvent.h">
      <Filter>KirbyGame\Component</Filter>
    </ClInclude>
    <ClInclude Include="AttakObject.h">
      <Filter>KirbyGame\Component</Filter>
    </ClInclude>
    <ClInclude Include="ChangeObject.h">
      <Filter>KirbyGame\Component</Filter>
    </ClInclude>
    <ClInclude Include="Edit.h">
      <Filter>KirbyGame\Component</Filter>
    </ClInclude>
    <ClInclude Include="EditerScene.h">
      <Filter>KirbyGame\EditerScene</Filter>
    </ClInclude>
    <ClInclude Include="game.h">
      <Filter>KirbyGame\global</Filter>
    </ClInclude>
    <ClInclude Include="GameScene.h">
      <Filter>KirbyGame\GameScene</Filter>
    </ClInclude>
    <ClInclude Include="Player.h">
      <Filter>KirbyGame\Component</Filter>
    </ClInclude>
    <ClInclude Include="SceneChanger.h">
      <Filter>KirbyGame\Component</Filter>
    </ClInclude>
    <ClInclude Include="StageMaker.h">
      <Filter>KirbyGame\Component</Filter>
    </ClInclude>
    <ClInclude Include="StartScene.h">
      <Filter>KirbyGame\StartScene</Filter>
    </ClInclude>
    <ClInclude Include="MonsterAI.h">
      <Filter>KirbyGame\Component</Filter>
    </ClInclude>
    <ClInclude Include="LandChecker.h">
      <Filter>KirbyGame\Component</Filter>
    </ClInclude>
    <ClInclude Include="Door.h">
      <Filter>KirbyGame\Component</Filter>
    </ClInclude>
  </ItemGroup>
</Project>