
Microsoft Visual Studio Solution File, Format Version 12.00
# Visual Studio Version 17
VisualStudioVersion = 17.6.33723.286
MinimumVisualStudioVersion = 10.0.40219.1
Project("{8BC9CEB8-8B4A-11D0-8D11-00A0C91BC942}") = "EngineFramework", "EngineFramework\EngineFramework.vcxproj", "{AFEF9603-4EC1-4B69-803D-ACBA84BB6D41}"
	ProjectSection(ProjectDependencies) = postProject
		{BDD1807F-015D-4496-BC32-CF1C9BAECE3E} = {BDD1807F-015D-4496-BC32-CF1C9BAECE3E}
		{E38AEF18-DB8A-4DDC-A921-C8DA94406169} = {E38AEF18-DB8A-4DDC-A921-C8DA94406169}
	EndProjectSection
EndProject
Project("{8BC9CEB8-8B4A-11D0-8D11-00A0C91BC942}") = "Box2D", "Box2D\Box2D.vcxproj", "{E38AEF18-DB8A-4DDC-A921-C8DA94406169}"
EndProject
Project("{8BC9CEB8-8B4A-11D0-8D11-00A0C91BC942}") = "Imgui", "Imgui\Imgui.vcxproj", "{BDD1807F-015D-4496-BC32-CF1C9BAECE3E}"
EndProject
Project("{8BC9CEB8-8B4A-11D0-8D11-00A0C91BC942}") = "KirbyGameDll", "KirbyGameDll\KirbyGameDll.vcxproj", "{35A6FEE5-1B0D-4006-B2A5-B5F424D4E35C}"
EndProject
Project("{8BC9CEB8-8B4A-11D0-8D11-00A0C91BC942}") = "BuildResultGame", "BuildResultGame\BuildResultGame.vcxproj", "{BFBCC41D-5314-45D3-B285-0DE71C51CE0B}"
EndProject
Project("{8BC9CEB8-8B4A-11D0-8D11-00A0C91BC942}") = "BuildEdit", "BuildEdit\BuildEdit.vcxproj", "{FDE07F4B-5D54-45E3-ABD0-9641AB845D48}"
EndProject
Global
	GlobalSection(SolutionConfigurationPlatforms) = preSolution
		Debug|x64 = Debug|x64
		Debug|x86 = Debug|x86
		Release|x64 = Release|x64
		Release|x86 = Release|x86
	EndGlobalSection
	GlobalSection(ProjectConfigurationPlatforms) = postSolution
		{AFEF9603-4EC1-4B69-803D-ACBA84BB6D41}.Debug|x64.ActiveCfg = Debug|x64
		{AFEF9603-4EC1-4B69-803D-ACBA84BB6D41}.Debug|x64.Build.0 = Debug|x64
		{AFEF9603-4EC1-4B69-803D-ACBA84BB6D41}.Debug|x86.ActiveCfg = Debug|Win32
		{AFEF9603-4EC1-4B69-803D-ACBA84BB6D41}.Debug|x86.Build.0 = Debug|Win32
		{AFEF9603-4EC1-4B69-803D-ACBA84BB6D41}.Release|x64.ActiveCfg = Release|x64
		{AFEF9603-4EC1-4B69-803D-ACBA84BB6D41}.Release|x64.Build.0 = Release|x64
		{AFEF9603-4EC1-4B69-803D-ACBA84BB6D41}.Release|x86.ActiveCfg = Release|Win32
		{AFEF9603-4EC1-4B69-803D-ACBA84BB6D41}.Release|x86.Build.0 = Release|Win32
		{E38AEF18-DB8A-4DDC-A921-C8DA94406169}.Debug|x64.ActiveCfg = Debug|x64
		{E38AEF18-DB8A-4DDC-A921-C8DA94406169}.Debug|x64.Build.0 = Debug|x64
		{E38AEF18-DB8A-4DDC-A921-C8DA94406169}.Debug|x86.ActiveCfg = Debug|Win32
		{E38AEF18-DB8A-4DDC-A921-C8DA94406169}.Debug|x86.Build.0 = Debug|Win32
		{E38AEF18-DB8A-4DDC-A921-C8DA94406169}.Release|x64.ActiveCfg = Release|x64
		{E38AEF18-DB8A-4DDC-A921-C8DA94406169}.Release|x64.Build.0 = Release|x64
		{E38AEF18-DB8A-4DDC-A921-C8DA94406169}.Release|x86.ActiveCfg = Release|Win32
		{E38AEF18-DB8A-4DDC-A921-C8DA94406169}.Release|x86.Build.0 = Release|Win32
		{BDD1807F-015D-4496-BC32-CF1C9BAECE3E}.Debug|x64.ActiveCfg = Debug|x64
		{BDD1807F-015D-4496-BC32-CF1C9BAECE3E}.Debug|x64.Build.0 = Debug|x64
		{BDD1807F-015D-4496-BC32-CF1C9BAECE3E}.Debug|x86.ActiveCfg = Debug|Win32
		{BDD1807F-015D-4496-BC32-CF1C9BAECE3E}.Debug|x86.Build.0 = Debug|Win32
		{BDD1807F-015D-4496-BC32-CF1C9BAECE3E}.Release|x64.ActiveCfg = Release|x64
		{BDD1807F-015D-4496-BC32-CF1C9BAECE3E}.Release|x64.Build.0 = Release|x64
		{BDD1807F-015D-4496-BC32-CF1C9BAECE3E}.Release|x86.ActiveCfg = Release|Win32
		{BDD1807F-015D-4496-BC32-CF1C9BAECE3E}.Release|x86.Build.0 = Release|Win32
		{35A6FEE5-1B0D-4006-B2A5-B5F424D4E35C}.Debug|x64.ActiveCfg = Debug|x64
		{35A6FEE5-1B0D-4006-B2A5-B5F424D4E35C}.Debug|x64.Build.0 = Debug|x64
		{35A6FEE5-1B0D-4006-B2A5-B5F424D4E35C}.Debug|x86.ActiveCfg = Debug|Win32
		{35A6FEE5-1B0D-4006-B2A5-B5F424D4E35C}.Debug|x86.Build.0 = Debug|Win32
		{35A6FEE5-1B0D-4006-B2A5-B5F424D4E35C}.Release|x64.ActiveCfg = Release|x64
		{35A6FEE5-1B0D-4006-B2A5-B5F424D4E35C}.Release|x64.Build.0 = Release|x64
		{35A6FEE5-1B0D-4006-B2A5-B5F424D4E35C}.Release|x86.ActiveCfg = Release|Win32
		{35A6FEE5-1B0D-4006-B2A5-B5F424D4E35C}.Release|x86.Build.0 = Release|Win32
		{BFBCC41D-5314-45D3-B285-0DE71C51CE0B}.Debug|x64.ActiveCfg = Debug|x64
		{BFBCC41D-5314-45D3-B285-0DE71C51CE0B}.Debug|x64.Build.0 = Debug|x64
		{BFBCC41D-5314-45D3-B285-0DE71C51CE0B}.Debug|x86.ActiveCfg = Debug|Win32
		{BFBCC41D-5314-45D3-B285-0DE71C51CE0B}.Debug|x86.Build.0 = Debug|Win32
		{BFBCC41D-5314-45D3-B285-0DE71C51CE0B}.Release|x64.ActiveCfg = Release|x64
		{BFBCC41D-5314-45D3-B285-0DE71C51CE0B}.Release|x64.Build.0 = Release|x64
		{BFBCC41D-5314-45D3-B285-0DE71C51CE0B}.Release|x86.ActiveCfg = Release|Win32
		{BFBCC41D-5314-45D3-B285-0DE71C51CE0B}.Release|x86.Build.0 = Release|Win32
		{FDE07F4B-5D54-45E3-ABD0-9641AB845D48}.Debug|x64.ActiveCfg = Debug|x64
		{FDE07F4B-5D54-45E3-ABD0-9641AB845D48}.Debug|x64.Build.0 = Debug|x64
		{FDE07F4B-5D54-45E3-ABD0-9641AB845D48}.Debug|x86.ActiveCfg = Debug|Win32
		{FDE07F4B-5D54-45E3-ABD0-9641AB845D48}.Debug|x86.Build.0 = Debug|Win32
		{FDE07F4B-5D54-45E3-ABD0-9641AB845D48}.Release|x64.ActiveCfg = Release|x64
		{FDE07F4B-5D54-45E3-ABD0-9641AB845D48}.Release|x64.Build.0 = Release|x64
		{FDE07F4B-5D54-45E3-ABD0-9641AB845D48}.Release|x86.ActiveCfg = Release|Win32
		{FDE07F4B-5D54-45E3-ABD0-9641AB845D48}.Release|x86.Build.0 = Release|Win32
	EndGlobalSection
	GlobalSection(SolutionProperties) = preSolution
		HideSolutionNode = FALSE
	EndGlobalSection
	GlobalSection(ExtensibilityGlobals) = postSolution
		SolutionGuid = {B599FB3D-CCF9-460E-AE0C-5894BACFD1EB}
	EndGlobalSection
EndGlobal
