<?xml version="1.0" encoding="utf-8"?>
<Project ToolsVersion="4.0" xmlns="http://schemas.microsoft.com/developer/msbuild/2003">
  <ItemGroup>
    <Filter Include="소스 파일">
      <UniqueIdentifier>{4FC737F1-C7A5-4376-A066-2A32D752A2FF}</UniqueIdentifier>
      <Extensions>cpp;c;cc;cxx;c++;cppm;ixx;def;odl;idl;hpj;bat;asm;asmx</Extensions>
    </Filter>
    <Filter Include="헤더 파일">
      <UniqueIdentifier>{93995380-89BD-4b04-88EB-625FBE52EBFB}</UniqueIdentifier>
      <Extensions>h;hh;hpp;hxx;h++;hm;inl;inc;ipp;xsd</Extensions>
    </Filter>
    <Filter Include="리소스 파일">
      <UniqueIdentifier>{67DA6AB6-F800-4c08-8B7A-83BB121AAD01}</UniqueIdentifier>
      <Extensions>rc;ico;cur;bmp;dlg;rc2;rct;bin;rgs;gif;jpg;jpeg;jpe;resx;tiff;tif;png;wav;mfcribbon-ms</Extensions>
    </Filter>
    <Filter Include="Component">
      <UniqueIdentifier>{65fbbab6-00a2-4ca7-825a-b742d783052f}</UniqueIdentifier>
    </Filter>
    <Filter Include="Scene">
      <UniqueIdentifier>{bba1b632-ba09-4a2e-b6ac-41e8208e6141}</UniqueIdentifier>
    </Filter>
    <Filter Include="Include">
      <UniqueIdentifier>{b6eb1d8e-2b96-412a-b344-31c138402a79}</UniqueIdentifier>
    </Filter>
    <Filter Include="UserActions">
      <UniqueIdentifier>{e1e50566-95c7-44bf-9631-416a5fd06065}</UniqueIdentifier>
    </Filter>
    <Filter Include="UserComponents">
      <UniqueIdentifier>{7af9f049-a689-44e9-a0f2-90dbd27ef53c}</UniqueIdentifier>
    </Filter>
    <Filter Include="UserActions\Scripts">
      <UniqueIdentifier>{3c9e5368-9a6d-4c63-a317-37da1785c5ea}</UniqueIdentifier>
    </Filter>
    <Filter Include="UserComponents\Scripts">
      <UniqueIdentifier>{ee89dbf5-7e83-44b2-a08d-922eb724415f}</UniqueIdentifier>
    </Filter>
  </ItemGroup>
  <ItemGroup>
    <ClInclude Include="..\include\plugin.h">
      <Filter>Include</Filter>
    </ClInclude>
    <ClInclude Include="..\include\PluginManager.h">
      <Filter>Include</Filter>
    </ClInclude>
    <ClInclude Include="KirbyGame.h">
      <Filter>헤더 파일</Filter>
    </ClInclude>
    <ClInclude Include="UserActions\GameActionRegistry.h">
      <Filter>UserActions</Filter>
    </ClInclude>
    <ClInclude Include="UserComponents\GameComponentRegistry.h">
      <Filter>UserComponents</Filter>
    </ClInclude>
    <ClInclude Include="UserComponents\UserComponentPlaceholder.h">
      <Filter>UserComponents</Filter>
    </ClInclude>
    <ClInclude Include="UserComponents\UserComponentRegistration.h">
      <Filter>UserComponents</Filter>
    </ClInclude>
    <ClInclude Include="UserComponents\Scripts\SampleSpinComponent.h">
      <Filter>UserComponents\Scripts</Filter>
    </ClInclude>
    <ClInclude Include="UserActions\Scripts\SampleButtonAction.h">
      <Filter>UserActions\Scripts</Filter>
    </ClInclude>
  </ItemGroup>
  <ItemGroup>
    <ClCompile Include="dllmain.cpp">
      <Filter>소스 파일</Filter>
    </ClCompile>
    <ClCompile Include="KirbyGame.cpp">
      <Filter>소스 파일</Filter>
    </ClCompile>
    <ClCompile Include="..\include\PluginManager.cpp">
      <Filter>Include</Filter>
    </ClCompile>
    <ClCompile Include="UserActions\GameActionRegistry.cpp">
      <Filter>UserActions</Filter>
    </ClCompile>
    <ClCompile Include="UserComponents\GameComponentRegistry.cpp">
      <Filter>UserComponents</Filter>
    </ClCompile>
    <ClCompile Include="UserComponents\Scripts\SampleSpinComponent.cpp">
      <Filter>UserComponents\Scripts</Filter>
    </ClCompile>
    <ClCompile Include="UserActions\Scripts\SampleButtonAction.cpp">
      <Filter>UserActions\Scripts</Filter>
    </ClCompile>
  </ItemGroup>
</Project>
