<?xml version="1.0" encoding="utf-8"?>
<Project ToolsVersion="4.0" xmlns="http://schemas.microsoft.com/developer/msbuild/2003">
  <ItemGroup>
    <Filter Include="소스 파일">
      <UniqueIdentifier>{4FC737F1-C7A5-4376-A066-2A32D752A2FF}</UniqueIdentifier>
      <Extensions>cpp;c;cc;cxx;c++;cppm;ixx;def;odl;idl;hpj;bat;asm;asmx</Extensions>
    </Filter>
    <Filter Include="헤더 파일">
      <UniqueIdentifier>{93995380-89BD-4b04-88EB-625FBE52EBFB}</UniqueIdentifier>
      <Extensions>h;hh;hpp;hxx;h++;hm;inl;inc;ipp;xsd</Extensions>
    </Filter>
    <Filter Include="리소스 파일">
      <UniqueIdentifier>{67DA6AB6-F800-4c08-8B7A-83BB121AAD01}</UniqueIdentifier>
      <Extensions>rc;ico;cur;bmp;dlg;rc2;rct;bin;rgs;gif;jpg;jpeg;jpe;resx;tiff;tif;png;wav;mfcribbon-ms</Extensions>
    </Filter>
    <Filter Include="Component">
      <UniqueIdentifier>{65fbbab6-00a2-4ca7-825a-b742d783052f}</UniqueIdentifier>
    </Filter>
    <Filter Include="Scene">
      <UniqueIdentifier>{bba1b632-ba09-4a2e-b6ac-41e8208e6141}</UniqueIdentifier>
    </Filter>
    <Filter Include="Include">
      <UniqueIdentifier>{b6eb1d8e-2b96-412a-b344-31c138402a79}</UniqueIdentifier>
    </Filter>
  </ItemGroup>
  <ItemGroup>
    <ClInclude Include="AttackEvent.h">
      <Filter>Component</Filter>
    </ClInclude>
    <ClInclude Include="AttakObject.h">
      <Filter>Component</Filter>
    </ClInclude>
    <ClInclude Include="ChangeObject.h">
      <Filter>Component</Filter>
    </ClInclude>
    <ClInclude Include="Door.h">
      <Filter>Component</Filter>
    </ClInclude>
    <ClInclude Include="Edit.h">
      <Filter>Component</Filter>
    </ClInclude>
    <ClInclude Include="LandChecker.h">
      <Filter>Component</Filter>
    </ClInclude>
    <ClInclude Include="MonsterAI.h">
      <Filter>Component</Filter>
    </ClInclude>
    <ClInclude Include="Player.h">
      <Filter>Component</Filter>
    </ClInclude>
    <ClInclude Include="SceneChanger.h">
      <Filter>Component</Filter>
    </ClInclude>
    <ClInclude Include="StageMaker.h">
      <Filter>Component</Filter>
    </ClInclude>
    <ClInclude Include="EditerScene.h">
      <Filter>Scene</Filter>
    </ClInclude>
    <ClInclude Include="GameScene.h">
      <Filter>Scene</Filter>
    </ClInclude>
    <ClInclude Include="StartScene.h">
      <Filter>Scene</Filter>
    </ClInclude>
    <ClInclude Include="..\include\plugin.h">
      <Filter>Include</Filter>
    </ClInclude>
    <ClInclude Include="..\include\PluginManager.h">
      <Filter>Include</Filter>
    </ClInclude>
    <ClInclude Include="game.h">
      <Filter>헤더 파일</Filter>
    </ClInclude>
    <ClInclude Include="KirbyGame.h">
      <Filter>헤더 파일</Filter>
    </ClInclude>
  </ItemGroup>
  <ItemGroup>
    <ClCompile Include="dllmain.cpp">
      <Filter>소스 파일</Filter>
    </ClCompile>
    <ClCompile Include="AttackEvent.cpp">
      <Filter>Component</Filter>
    </ClCompile>
    <ClCompile Include="AttakObject.cpp">
      <Filter>Component</Filter>
    </ClCompile>
    <ClCompile Include="ChangeObject.cpp">
      <Filter>Component</Filter>
    </ClCompile>
    <ClCompile Include="Door.cpp">
      <Filter>Component</Filter>
    </ClCompile>
    <ClCompile Include="Edit.cpp">
      <Filter>Component</Filter>
    </ClCompile>
    <ClCompile Include="LandChecker.cpp">
      <Filter>Component</Filter>
    </ClCompile>
    <ClCompile Include="MonsterAI.cpp">
      <Filter>Component</Filter>
    </ClCompile>
    <ClCompile Include="Player.cpp">
      <Filter>Component</Filter>
    </ClCompile>
    <ClCompile Include="SceneChanger.cpp">
      <Filter>Component</Filter>
    </ClCompile>
    <ClCompile Include="StageMaker.cpp">
      <Filter>Component</Filter>
    </ClCompile>
    <ClCompile Include="EditerScene.cpp">
      <Filter>Scene</Filter>
    </ClCompile>
    <ClCompile Include="GameScene.cpp">
      <Filter>Scene</Filter>
    </ClCompile>
    <ClCompile Include="StartScene.cpp">
      <Filter>Scene</Filter>
    </ClCompile>
    <ClCompile Include="game.cpp">
      <Filter>소스 파일</Filter>
    </ClCompile>
    <ClCompile Include="KirbyGame.cpp">
      <Filter>소스 파일</Filter>
    </ClCompile>
    <ClCompile Include="..\include\PluginManager.cpp">
      <Filter>Include</Filter>
    </ClCompile>
  </ItemGroup>
</Project>